schema: '2.0'
stages:
  build_DURA_EUROPOS:
    cmd:
    - rm -rf dataset/pits/DURA_EUROPOS
    - mkdir -p dataset/pits/DURA_EUROPOS
    - python src/alceo/processing/pits_site_dataset.py -s data/sites/DURA_EUROPOS
      -o dataset/pits/DURA_EUROPOS
    deps:
    - path: data/sites/DURA_EUROPOS/change
      md5: e35716150efc6f2e912281a3112f2326.dir
      size: 1042299408
      nfiles: 3360
    - path: data/sites/DURA_EUROPOS/tiles
      md5: 1445c9fb632efe00ea83e912acabfeb7.dir
      size: 3241235828
      nfiles: 4765
    - path: src/alceo/processing/pits_site_dataset.py
      md5: 61594ac44f483dabce6cb8f299353d2e
      size: 5539
    outs:
    - path: dataset/pits/DURA_EUROPOS
      md5: d49987fefa287eba1337a1ba2b6a27f1.dir
      size: 2208772494
      nfiles: 6710
  build_ASWAN:
    cmd:
    - rm -rf dataset/pits/ASWAN
    - mkdir -p dataset/pits/ASWAN
    - python src/alceo/processing/pits_site_dataset.py -s data/sites/ASWAN -o dataset/pits/ASWAN
    deps:
    - path: data/sites/ASWAN/change
      md5: cded822e199bfce1a138ba709d498ef9.dir
      size: 1410644638
      nfiles: 1731
    - path: data/sites/ASWAN/tiles
      md5: 739c463a4dda6364d1afb47815df9469.dir
      size: 447356277
      nfiles: 853
    - path: src/alceo/processing/pits_site_dataset.py
      md5: 61594ac44f483dabce6cb8f299353d2e
      size: 5539
    outs:
    - path: dataset/pits/ASWAN
      md5: bde572614f1fbdcbc1829cf777f9cf52.dir
      size: 1121605647
      nfiles: 3410
  build_EBLA:
    cmd:
    - rm -rf dataset/pits/EBLA
    - mkdir -p dataset/pits/EBLA
    - python src/alceo/processing/pits_site_dataset.py -s data/sites/EBLA -o dataset/pits/EBLA
    deps:
    - path: data/sites/EBLA/change
      md5: 84c41048070fb02e6ca7e28091618ae4.dir
      size: 1099697961
      nfiles: 1110
    - path: data/sites/EBLA/tiles
      md5: 30dc10a735669ca9d1ea4ad28d4ef719.dir
      size: 856706488
      nfiles: 1089
    - path: src/alceo/processing/pits_site_dataset.py
      md5: 61594ac44f483dabce6cb8f299353d2e
      size: 5539
    outs:
    - path: dataset/pits/EBLA
      md5: 2ea92ee047b9a19bad0c9e7706b52a97.dir
      size: 857282541
      nfiles: 2178
