schema: '2.0'
stages:
  produce_tiles_DURA_EUROPOS:
    cmd: python src/alceo/processing/produce_tiles.py -i data/sites/DURA_EUROPOS/images/DE_19_09_2014/DE_19_09_2014_NN_diffuse.tif
      data/sites/DURA_EUROPOS/images/DE_26_5_2013/DE_26_5_2013_NN_diffuse.tif -o data/sites/DURA_EUROPOS/tiles.json
      -p DURA_EUROPOS_
    deps:
    - path: data/sites/DURA_EUROPOS/images/DE_19_09_2014/DE_19_09_2014_NN_diffuse.tif
      md5: 60cfa7d954df7d8f305366116203b284
      size: 1208292462
    - path: data/sites/DURA_EUROPOS/images/DE_26_5_2013/DE_26_5_2013_NN_diffuse.tif
      md5: 658d47fbf2225d11f782f7f569ead44d
      size: 1187955310
    - path: src/alceo/processing/produce_tiles.py
      md5: e9ce967ae719b1003b1d4e1f60f2eb26
      size: 3808
    outs:
    - path: data/sites/DURA_EUROPOS/tiles.json
      md5: 271794011c0c5686aa8999d22e1e465d
      size: 178170
  rasterize_tiles_DURA_EUROPOS:
    cmd: python src/alceo/processing/rasterize_tiles.py -t data/sites/DURA_EUROPOS/tiles.json
      -i data/sites/DURA_EUROPOS/images/DE_19_09_2014/DE_19_09_2014_NN_diffuse.tif
      -a data/sites/DURA_EUROPOS/area_of_interest.geojson -o data/sites/DURA_EUROPOS/tiles/DE_19_09_2014/DE_19_09_2014_NN_diffuse
    deps:
    - path: data/sites/DURA_EUROPOS/area_of_interest.geojson
      md5: 6db7aa1ffe2fc97f118167209b908975
      size: 1107
    - path: data/sites/DURA_EUROPOS/images/DE_19_09_2014/DE_19_09_2014_NN_diffuse.tif
      md5: 60cfa7d954df7d8f305366116203b284
      size: 1208292462
    - path: data/sites/DURA_EUROPOS/tiles.json
      md5: 17d2d670c2da8fdf98b123152bd92d54
      size: 178170
    - path: src/alceo/processing/rasterize_tiles.py
      md5: e77a6f9ca5ac7d84726ff0b84df5ad17
      size: 5081
    outs:
    - path: data/sites/DURA_EUROPOS/tiles/DE_19_09_2014/DE_19_09_2014_NN_diffuse
      md5: cbec4188df97b533faae4bbc55db96a8.dir
      size: 839632800
      nfiles: 400
  rasterize_tiles_DURA_EUROPOS_:
    cmd: python src/alceo/processing/rasterize_tiles.py -t data/sites/DURA_EUROPOS/tiles.json
      -i data/sites/DURA_EUROPOS/images/DE_26_5_2013/DE_26_5_2013_NN_diffuse.tif -a
      data/sites/DURA_EUROPOS/area_of_interest.geojson -o data/sites/DURA_EUROPOS/tiles/DE_26_5_2013/DE_26_5_2013_NN_diffuse
    deps:
    - path: data/sites/DURA_EUROPOS/area_of_interest.geojson
      md5: 6db7aa1ffe2fc97f118167209b908975
      size: 1107
    - path: data/sites/DURA_EUROPOS/images/DE_26_5_2013/DE_26_5_2013_NN_diffuse.tif
      md5: 658d47fbf2225d11f782f7f569ead44d
      size: 1187955310
    - path: data/sites/DURA_EUROPOS/tiles.json
      md5: 17d2d670c2da8fdf98b123152bd92d54
      size: 178170
    - path: src/alceo/processing/rasterize_tiles.py
      md5: e77a6f9ca5ac7d84726ff0b84df5ad17
      size: 5081
    outs:
    - path: data/sites/DURA_EUROPOS/tiles/DE_26_5_2013/DE_26_5_2013_NN_diffuse
      md5: ba4ff4d04c9982edfda9d618327c1923.dir
      size: 839632800
      nfiles: 400
  tilize_image@0:
    cmd: python src/alceo/processing/rasterize_tiles.py -t data/sites/DURA_EUROPOS/tiles.json
      -i data/sites/DURA_EUROPOS/images/DE_19_09_2014/DE_19_09_2014_NN_diffuse.tif
      -o data/sites/DURA_EUROPOS/tiles/DE_19_09_2014/DE_19_09_2014_NN_diffuse
    deps:
    - path: data/sites/DURA_EUROPOS/images/DE_19_09_2014/DE_19_09_2014_NN_diffuse.tif
      md5: 60cfa7d954df7d8f305366116203b284
      size: 1208292462
    - path: data/sites/DURA_EUROPOS/tiles.json
      md5: 20659f8b36f263be91b4047238dcf30b
      size: 122592
    - path: src/alceo/processing/rasterize_tiles.py
      md5: e77a6f9ca5ac7d84726ff0b84df5ad17
      size: 5081
    outs:
    - path: data/sites/DURA_EUROPOS/tiles/DE_19_09_2014/DE_19_09_2014_NN_diffuse
      md5: af13c2669efc1822718b836c5e289a32.dir
      size: 818641980
      nfiles: 390
  tilize_image@1:
    cmd: python src/alceo/processing/rasterize_tiles.py -t data/sites/DURA_EUROPOS/tiles.json
      -i data/sites/DURA_EUROPOS/images/DE_26_5_2013/DE_26_5_2013_NN_diffuse.tif -o
      data/sites/DURA_EUROPOS/tiles/DE_26_5_2013/DE_26_5_2013_NN_diffuse
    deps:
    - path: data/sites/DURA_EUROPOS/images/DE_26_5_2013/DE_26_5_2013_NN_diffuse.tif
      md5: 658d47fbf2225d11f782f7f569ead44d
      size: 1187955310
    - path: data/sites/DURA_EUROPOS/tiles.json
      md5: 20659f8b36f263be91b4047238dcf30b
      size: 122592
    - path: src/alceo/processing/rasterize_tiles.py
      md5: e77a6f9ca5ac7d84726ff0b84df5ad17
      size: 5081
    outs:
    - path: data/sites/DURA_EUROPOS/tiles/DE_26_5_2013/DE_26_5_2013_NN_diffuse
      md5: 0b47e0b1e8ce069dbbb7033dac8c10b3.dir
      size: 818641980
      nfiles: 390
  change_annotations_DE_26_5_2013_DE_19_09_2014:
    cmd: python src/alceo/processing/change_from_annotations.py -i data/sites/DURA_EUROPOS/annotations/pits.geojson
      -f 26/5/2013 -s 19/09/2014 -o data/sites/DURA_EUROPOS/change/DE_26_5_2013/DE_19_09_2014/vectorial
      --crs EPSG:32637
    deps:
    - path: data/sites/DURA_EUROPOS/annotations/pits.geojson
      md5: 0a6adb41e885688ff236df0524ad611b
      size: 2727276
    - path: src/alceo/processing/change_from_annotations.py
      md5: 709b58d7f45e1e8f131c3ed0c14c2d2e
      size: 6581
    outs:
    - path: data/sites/DURA_EUROPOS/change/DE_26_5_2013/DE_19_09_2014/vectorial
      md5: 12153c8eea2a3edcb98907080521658e.dir
      size: 3295400
      nfiles: 3
  rasterize_change@1:
    cmd: mkdir -p data/sites/DURA_EUROPOS/change/DE_26_5_2013/DE_19_09_2014/raster/
      & rio rasterize data/sites/DURA_EUROPOS/change/DE_26_5_2013/DE_19_09_2014/vectorial/pits.disappeared.geojson
      --like data/sites/DURA_EUROPOS/images/DE_26_5_2013/DE_26_5_2013_NN_diffuse.tif
      --output data/sites/DURA_EUROPOS/change/DE_26_5_2013/DE_19_09_2014/raster/pits.disappeared.tif
    deps:
    - path: data/sites/DURA_EUROPOS/change/DE_26_5_2013/DE_19_09_2014/vectorial/pits.disappeared.geojson
      md5: 7037732e5b533abc683ce262d4f2a185
      size: 782012
    - path: data/sites/DURA_EUROPOS/images/DE_26_5_2013/DE_26_5_2013_NN_diffuse.tif
      md5: 658d47fbf2225d11f782f7f569ead44d
      size: 1187955310
    outs:
    - path: data/sites/DURA_EUROPOS/change/DE_26_5_2013/DE_19_09_2014/raster/pits.disappeared.tif
      md5: e495d8feeb4071cf4ec9e0aa9a203151
      size: 296967600
  rasterize_change@0:
    cmd: mkdir -p data/sites/DURA_EUROPOS/change/DE_26_5_2013/DE_19_09_2014/raster/
      & rio rasterize data/sites/DURA_EUROPOS/change/DE_26_5_2013/DE_19_09_2014/vectorial/pits.appeared.geojson
      --like data/sites/DURA_EUROPOS/images/DE_26_5_2013/DE_26_5_2013_NN_diffuse.tif
      --output data/sites/DURA_EUROPOS/change/DE_26_5_2013/DE_19_09_2014/raster/pits.appeared.tif
    deps:
    - path: data/sites/DURA_EUROPOS/change/DE_26_5_2013/DE_19_09_2014/vectorial/pits.appeared.geojson
      md5: 1c99717cea6c2346419a3f96bcbcf69e
      size: 5288708
    - path: data/sites/DURA_EUROPOS/images/DE_26_5_2013/DE_26_5_2013_NN_diffuse.tif
      md5: 658d47fbf2225d11f782f7f569ead44d
      size: 1187955310
    outs:
    - path: data/sites/DURA_EUROPOS/change/DE_26_5_2013/DE_19_09_2014/raster/pits.appeared.tif
      md5: 4d27bcdc6909241d1ee336c8e9b20ea0
      size: 296967600
  change_annotations@0:
    cmd: python src/alceo/processing/change_from_annotations.py -i data/sites/DURA_EUROPOS/annotations/pits.geojson
      -f 26/05/2013 -s 19/09/2014 -o data/sites/DURA_EUROPOS/change/DE_26_5_2013/DE_19_09_2014/vectorial
      --crs EPSG:32637
    deps:
    - path: data/sites/DURA_EUROPOS/annotations/pits.geojson
      md5: 75a3bf5db4c52d1d0ccbb8027c519eff
      size: 6178153
    - path: src/alceo/processing/change_from_annotations.py
      md5: 709b58d7f45e1e8f131c3ed0c14c2d2e
      size: 6581
    outs:
    - path: data/sites/DURA_EUROPOS/change/DE_26_5_2013/DE_19_09_2014/vectorial
      md5: 688d6dc4b839566b45c74532bf6b7a97.dir
      size: 7219281
      nfiles: 3
  tilize_change@0:
    cmd: mkdir -p data/sites/DURA_EUROPOS/change/DE_26_5_2013/DE_19_09_2014/raster/pits.appeared/tiles
      & python src/alceo/processing/rasterize_tiles.py -t data/sites/DURA_EUROPOS/tiles.json
      -i data/sites/DURA_EUROPOS/change/DE_26_5_2013/DE_19_09_2014/raster/pits.appeared.tif
      -a data/sites/DURA_EUROPOS/area_of_interest.geojson -o data/sites/DURA_EUROPOS/change/DE_26_5_2013/DE_19_09_2014/raster/pits.appeared/tiles
    deps:
    - path: data/sites/DURA_EUROPOS/area_of_interest.geojson
      md5: 6db7aa1ffe2fc97f118167209b908975
      size: 1107
    - path: data/sites/DURA_EUROPOS/change/DE_26_5_2013/DE_19_09_2014/raster/pits.appeared.tif
      md5: 4d27bcdc6909241d1ee336c8e9b20ea0
      size: 296967600
    - path: data/sites/DURA_EUROPOS/tiles.json
      md5: 20659f8b36f263be91b4047238dcf30b
      size: 122592
    - path: src/alceo/processing/rasterize_tiles.py
      md5: e77a6f9ca5ac7d84726ff0b84df5ad17
      size: 5081
    outs:
    - path: data/sites/DURA_EUROPOS/change/DE_26_5_2013/DE_19_09_2014/raster/pits.appeared/tiles
      md5: 9f9511fc82523dcddea814cce0decf23.dir
      size: 204762480
      nfiles: 390
  tilize_change@1:
    cmd: mkdir -p data/sites/DURA_EUROPOS/change/DE_26_5_2013/DE_19_09_2014/raster/pits.disappeared/tiles
      & python src/alceo/processing/rasterize_tiles.py -t data/sites/DURA_EUROPOS/tiles.json
      -i data/sites/DURA_EUROPOS/change/DE_26_5_2013/DE_19_09_2014/raster/pits.disappeared.tif
      -a data/sites/DURA_EUROPOS/area_of_interest.geojson -o data/sites/DURA_EUROPOS/change/DE_26_5_2013/DE_19_09_2014/raster/pits.disappeared/tiles
    deps:
    - path: data/sites/DURA_EUROPOS/area_of_interest.geojson
      md5: 6db7aa1ffe2fc97f118167209b908975
      size: 1107
    - path: data/sites/DURA_EUROPOS/change/DE_26_5_2013/DE_19_09_2014/raster/pits.disappeared.tif
      md5: e495d8feeb4071cf4ec9e0aa9a203151
      size: 296967600
    - path: data/sites/DURA_EUROPOS/tiles.json
      md5: 20659f8b36f263be91b4047238dcf30b
      size: 122592
    - path: src/alceo/processing/rasterize_tiles.py
      md5: e77a6f9ca5ac7d84726ff0b84df5ad17
      size: 5081
    outs:
    - path: data/sites/DURA_EUROPOS/change/DE_26_5_2013/DE_19_09_2014/raster/pits.disappeared/tiles
      md5: 07c37fb242739a55330dc5ae089d7e25.dir
      size: 204762480
      nfiles: 390
  produce_tiles@0:
    cmd: python src/alceo/processing/produce_tiles.py -i data/sites/DURA_EUROPOS/images/DE_19_09_2014/DE_19_09_2014_NN_diffuse.tif
      -p DURA_EUROPOS_ -a data/sites/DURA_EUROPOS/area_of_interest.geojson -o data/sites/DURA_EUROPOS/tiles.json
    deps:
    - path: data/sites/DURA_EUROPOS/area_of_interest.geojson
      md5: 6db7aa1ffe2fc97f118167209b908975
      size: 1107
    - path: data/sites/DURA_EUROPOS/images/DE_19_09_2014/DE_19_09_2014_NN_diffuse.tif
      md5: 60cfa7d954df7d8f305366116203b284
      size: 1208292462
    - path: src/alceo/processing/produce_tiles.py
      md5: 3f2d3b8f3608d600662ae22a6e1d66d8
      size: 4748
    outs:
    - path: data/sites/DURA_EUROPOS/tiles.json
      md5: 20659f8b36f263be91b4047238dcf30b
      size: 122592
  fit_siam_diff:
    cmd: python -m alceo fit --config cli_config/daudt_siam_diff.yaml
    deps:
    - path: cli_config/daudt_siam_diff.yaml
      md5: c6d6cef2007a85820c571e02a8876836
      size: 1218
    - path: dataset/pits/ASWAN
      md5: e2dd01d2bb9d6361f2450d40859c5634.dir
      size: 1212280442
      nfiles: 3686
    - path: dataset/pits/DURA_EUROPOS
      md5: a8113a052f6618e6fc834aa610d4f275.dir
      size: 2258678350
      nfiles: 6862
    - path: dataset/pits/EBLA
      md5: 87c5a17ca8af5d93029c608bb24efc5b.dir
      size: 909141003
      nfiles: 2306
    - path: src
      md5: 71e22d80b02a920109c208b7062cc7d7.dir
      size: 114000
      nfiles: 43
