schema: '2.0'
stages:
  produce_vectorial_change@2:
    cmd: python src/alceo/processing/change_from_annotations.py -i data/sites/EBLA/annotations/pits.geojson
      -f 13/04/2018 -s 07/06/2022 -o data/sites/EBLA/change/E_13_04_2018/E_07_06_2022/vectorial
      --crs EPSG:32637
    deps:
    - path: data/sites/EBLA/annotations/pits.geojson
      md5: fddd81fdbb58b7a5bae95c5d3059d9a3
      size: 820713
    - path: src/alceo/processing/change_from_annotations.py
      md5: 709b58d7f45e1e8f131c3ed0c14c2d2e
      size: 6581
    outs:
    - path: data/sites/EBLA/change/E_13_04_2018/E_07_06_2022/vectorial
      md5: d9d4b9029612af6e57e655d399acfe25.dir
      size: 620927
      nfiles: 3
  produce_vectorial_tiles:
    cmd: python src/alceo/processing/produce_tiles.py -i data/sites/EBLA/images/E_01_09_2004/E_01_09_2004_QB_NN_Diffuse_geo.tif
      -p EBLA_ -a data/sites/EBLA/area_of_interest.geojson -o data/sites/EBLA/tiles.geojson
      -tw 256 -th 256
    deps:
    - path: data/sites/EBLA/area_of_interest.geojson
      md5: c12a3a2c7521b45f0b52fbe503a16d29
      size: 1133
    - path: data/sites/EBLA/images/E_01_09_2004/E_01_09_2004_QB_NN_Diffuse_geo.tif
      md5: 324f15d982d460df2bd79c693314bb74
      size: 612746507
    - path: src/alceo/processing/produce_tiles.py
      md5: 8cee0d4f36707b321541dee97ba267f1
      size: 5320
    outs:
    - path: data/sites/EBLA/tiles.geojson
      md5: 4638ecc3d032a06eba1760eefc59036c
      size: 129718
  tilize_image@1:
    cmd: python src/alceo/processing/rasterize_tiles.py -t data/sites/EBLA/tiles.geojson
      -i data/sites/EBLA/images/E_03_04_2014/E_03_04_2014_PL_NN_Diffuse_geo.tif -o
      data/sites/EBLA/tiles/E_03_04_2014
    deps:
    - path: data/sites/EBLA/images/E_03_04_2014/E_03_04_2014_PL_NN_Diffuse_geo.tif
      md5: 2807158ec70270492a6a7cb29430b1c0
      size: 1300213931
    - path: data/sites/EBLA/tiles.geojson
      md5: 4638ecc3d032a06eba1760eefc59036c
      size: 129718
    - path: src/alceo/processing/rasterize_tiles.py
      md5: bad9cc48ed10ed72acfc6bd3737472f9
      size: 5623
    outs:
    - path: data/sites/EBLA/tiles/E_03_04_2014/
      md5: 7073cc72fc1e926011d044eedbefce40.dir
      size: 151121088
      nfiles: 288
  produce_vectorial_change@0:
    cmd: python src/alceo/processing/change_from_annotations.py -i data/sites/EBLA/annotations/pits.geojson
      -f 01/09/2004 -s 03/04/2014 -o data/sites/EBLA/change/E_01_09_2004/E_03_04_2014/vectorial
      --crs EPSG:32637
    deps:
    - path: data/sites/EBLA/annotations/pits.geojson
      md5: fddd81fdbb58b7a5bae95c5d3059d9a3
      size: 820713
    - path: src/alceo/processing/change_from_annotations.py
      md5: 709b58d7f45e1e8f131c3ed0c14c2d2e
      size: 6581
    outs:
    - path: data/sites/EBLA/change/E_01_09_2004/E_03_04_2014/vectorial
      md5: 88ba38a070d004e3105fe5f265467b8c.dir
      size: 340868
      nfiles: 3
  rasterize_change@0:
    cmd:
    - mkdir -p data/sites/EBLA/change/E_01_09_2004/E_03_04_2014/raster/
    - rio rasterize data/sites/EBLA/change/E_01_09_2004/E_03_04_2014/vectorial/pits.appeared.geojson
      --like data/sites/EBLA/images/E_01_09_2004/E_01_09_2004_QB_NN_Diffuse_geo.tif
      --output data/sites/EBLA/change/E_01_09_2004/E_03_04_2014/raster/pits.appeared.tif
    deps:
    - path: data/sites/EBLA/change/E_01_09_2004/E_03_04_2014/vectorial/pits.appeared.geojson
      md5: a7510248baf40a80f16f47e2da862e62
      size: 291681
    - path: data/sites/EBLA/images/E_01_09_2004/E_01_09_2004_QB_NN_Diffuse_geo.tif
      md5: 324f15d982d460df2bd79c693314bb74
      size: 612746507
    outs:
    - path: data/sites/EBLA/change/E_01_09_2004/E_03_04_2014/raster/pits.appeared.tif
      md5: 99b72767fba03c4b0effcc581bd0e4df
      size: 153186048
  tilize_change@0:
    cmd:
    - mkdir -p data/sites/EBLA/change/E_01_09_2004/E_03_04_2014/raster/pits.appeared/tiles
    - python src/alceo/processing/rasterize_tiles.py -t data/sites/EBLA/tiles.geojson
      -i data/sites/EBLA/change/E_01_09_2004/E_03_04_2014/raster/pits.appeared.tif
      -o data/sites/EBLA/change/E_01_09_2004/E_03_04_2014/raster/pits.appeared/tiles
    deps:
    - path: data/sites/EBLA/change/E_01_09_2004/E_03_04_2014/raster/pits.appeared.tif
      md5: 99b72767fba03c4b0effcc581bd0e4df
      size: 153186048
    - path: data/sites/EBLA/tiles.geojson
      md5: 4638ecc3d032a06eba1760eefc59036c
      size: 129718
    - path: src/alceo/processing/rasterize_tiles.py
      md5: bad9cc48ed10ed72acfc6bd3737472f9
      size: 5623
    outs:
    - path: data/sites/EBLA/change/E_01_09_2004/E_03_04_2014/raster/pits.appeared/tiles
      md5: ec2352e90c7abd2719b61baec824e871.dir
      size: 37862784
      nfiles: 288
  tilize_image@0:
    cmd: python src/alceo/processing/rasterize_tiles.py -t data/sites/EBLA/tiles.geojson
      -i data/sites/EBLA/images/E_01_09_2004/E_01_09_2004_QB_NN_Diffuse_geo.tif -o
      data/sites/EBLA/tiles/E_01_09_2004
    deps:
    - path: data/sites/EBLA/images/E_01_09_2004/E_01_09_2004_QB_NN_Diffuse_geo.tif
      md5: 324f15d982d460df2bd79c693314bb74
      size: 612746507
    - path: data/sites/EBLA/tiles.geojson
      md5: 4638ecc3d032a06eba1760eefc59036c
      size: 129718
    - path: src/alceo/processing/rasterize_tiles.py
      md5: bad9cc48ed10ed72acfc6bd3737472f9
      size: 5623
    outs:
    - path: data/sites/EBLA/tiles/E_01_09_2004/
      md5: f9b6bd2af4712ceea24779e3cad2ef5e.dir
      size: 151121088
      nfiles: 288
  tilize_image@3:
    cmd: python src/alceo/processing/rasterize_tiles.py -t data/sites/EBLA/tiles.geojson
      -i data/sites/EBLA/images/E_07_06_2022/E_07_06_2022_WV2_40cm_NN_Diffuse.tif
      -o data/sites/EBLA/tiles/E_07_06_2022
    deps:
    - path: data/sites/EBLA/images/E_07_06_2022/E_07_06_2022_WV2_40cm_NN_Diffuse.tif
      md5: c36009e4ad4e60996bca157a84a19a60
      size: 2712738556
    - path: data/sites/EBLA/tiles.geojson
      md5: 4638ecc3d032a06eba1760eefc59036c
      size: 129718
    - path: src/alceo/processing/rasterize_tiles.py
      md5: bad9cc48ed10ed72acfc6bd3737472f9
      size: 5623
    outs:
    - path: data/sites/EBLA/tiles/E_07_06_2022/
      md5: 52c13159035af6f8f118d41650242560.dir
      size: 305649216
      nfiles: 288
  rasterize_change@1:
    cmd:
    - mkdir -p data/sites/EBLA/change/E_01_09_2004/E_03_04_2014/raster/
    - rio rasterize data/sites/EBLA/change/E_01_09_2004/E_03_04_2014/vectorial/pits.disappeared.geojson
      --like data/sites/EBLA/images/E_01_09_2004/E_01_09_2004_QB_NN_Diffuse_geo.tif
      --output data/sites/EBLA/change/E_01_09_2004/E_03_04_2014/raster/pits.disappeared.tif
    deps:
    - path: data/sites/EBLA/change/E_01_09_2004/E_03_04_2014/vectorial/pits.disappeared.geojson
      md5: 06cb795a3a758a562b0a6de58bc3f791
      size: 49053
    - path: data/sites/EBLA/images/E_01_09_2004/E_01_09_2004_QB_NN_Diffuse_geo.tif
      md5: 324f15d982d460df2bd79c693314bb74
      size: 612746507
    outs:
    - path: data/sites/EBLA/change/E_01_09_2004/E_03_04_2014/raster/pits.disappeared.tif
      md5: d08ee813c29c465bbcc682b261038f87
      size: 153186048
  produce_vectorial_change@1:
    cmd: python src/alceo/processing/change_from_annotations.py -i data/sites/EBLA/annotations/pits.geojson
      -f 03/04/2014 -s 13/04/2018 -o data/sites/EBLA/change/E_03_04_2014/E_13_04_2018/vectorial
      --crs EPSG:32637
    deps:
    - path: data/sites/EBLA/annotations/pits.geojson
      md5: fddd81fdbb58b7a5bae95c5d3059d9a3
      size: 820713
    - path: src/alceo/processing/change_from_annotations.py
      md5: 709b58d7f45e1e8f131c3ed0c14c2d2e
      size: 6581
    outs:
    - path: data/sites/EBLA/change/E_03_04_2014/E_13_04_2018/vectorial
      md5: e66c3dde94f552171b2fa8d8fbe40d3b.dir
      size: 715171
      nfiles: 3
  tilize_image@2:
    cmd: python src/alceo/processing/rasterize_tiles.py -t data/sites/EBLA/tiles.geojson
      -i data/sites/EBLA/images/E_13_04_2018/E_13_04_2018_WV2_50cm_NN_Diffuse_geo.tif
      -o data/sites/EBLA/tiles/E_13_04_2018
    deps:
    - path: data/sites/EBLA/images/E_13_04_2018/E_13_04_2018_WV2_50cm_NN_Diffuse_geo.tif
      md5: bdafe7ff8459eddcffcb876b38d0353e
      size: 1764919347
    - path: data/sites/EBLA/tiles.geojson
      md5: 4638ecc3d032a06eba1760eefc59036c
      size: 129718
    - path: src/alceo/processing/rasterize_tiles.py
      md5: bad9cc48ed10ed72acfc6bd3737472f9
      size: 5623
    outs:
    - path: data/sites/EBLA/tiles/E_13_04_2018/
      md5: 282e597463d1764ec59a30ea789d725e.dir
      size: 302122944
      nfiles: 288
  rasterize_change@2:
    cmd:
    - mkdir -p data/sites/EBLA/change/E_03_04_2014/E_13_04_2018/raster/
    - rio rasterize data/sites/EBLA/change/E_03_04_2014/E_13_04_2018/vectorial/pits.appeared.geojson
      --like data/sites/EBLA/images/E_03_04_2014/E_03_04_2014_PL_NN_Diffuse_geo.tif
      --output data/sites/EBLA/change/E_03_04_2014/E_13_04_2018/raster/pits.appeared.tif
    deps:
    - path: data/sites/EBLA/change/E_03_04_2014/E_13_04_2018/vectorial/pits.appeared.geojson
      md5: 4263b6ae15bd8690cfdd450395229fa9
      size: 418828
    - path: data/sites/EBLA/images/E_03_04_2014/E_03_04_2014_PL_NN_Diffuse_geo.tif
      md5: 2807158ec70270492a6a7cb29430b1c0
      size: 1300213931
    outs:
    - path: data/sites/EBLA/change/E_03_04_2014/E_13_04_2018/raster/pits.appeared.tif
      md5: 68851d245f54ba5a6a946603d1cd39bd
      size: 325052904
  tilize_change@1:
    cmd:
    - mkdir -p data/sites/EBLA/change/E_01_09_2004/E_03_04_2014/raster/pits.disappeared/tiles
    - python src/alceo/processing/rasterize_tiles.py -t data/sites/EBLA/tiles.geojson
      -i data/sites/EBLA/change/E_01_09_2004/E_03_04_2014/raster/pits.disappeared.tif
      -o data/sites/EBLA/change/E_01_09_2004/E_03_04_2014/raster/pits.disappeared/tiles
    deps:
    - path: data/sites/EBLA/change/E_01_09_2004/E_03_04_2014/raster/pits.disappeared.tif
      md5: d08ee813c29c465bbcc682b261038f87
      size: 153186048
    - path: data/sites/EBLA/tiles.geojson
      md5: 4638ecc3d032a06eba1760eefc59036c
      size: 129718
    - path: src/alceo/processing/rasterize_tiles.py
      md5: bad9cc48ed10ed72acfc6bd3737472f9
      size: 5623
    outs:
    - path: data/sites/EBLA/change/E_01_09_2004/E_03_04_2014/raster/pits.disappeared/tiles
      md5: 56a590e680aff00aa17e554aaae92d92.dir
      size: 37862784
      nfiles: 288
  rasterize_change@3:
    cmd:
    - mkdir -p data/sites/EBLA/change/E_03_04_2014/E_13_04_2018/raster/
    - rio rasterize data/sites/EBLA/change/E_03_04_2014/E_13_04_2018/vectorial/pits.disappeared.geojson
      --like data/sites/EBLA/images/E_03_04_2014/E_03_04_2014_PL_NN_Diffuse_geo.tif
      --output data/sites/EBLA/change/E_03_04_2014/E_13_04_2018/raster/pits.disappeared.tif
    deps:
    - path: data/sites/EBLA/change/E_03_04_2014/E_13_04_2018/vectorial/pits.disappeared.geojson
      md5: 516930df736524a93c78abf18d85c69d
      size: 278981
    - path: data/sites/EBLA/images/E_03_04_2014/E_03_04_2014_PL_NN_Diffuse_geo.tif
      md5: 2807158ec70270492a6a7cb29430b1c0
      size: 1300213931
    outs:
    - path: data/sites/EBLA/change/E_03_04_2014/E_13_04_2018/raster/pits.disappeared.tif
      md5: 96c573e3db1cf699b9f043cf0aaec183
      size: 325052904
  tilize_change@3:
    cmd:
    - mkdir -p data/sites/EBLA/change/E_03_04_2014/E_13_04_2018/raster/pits.disappeared/tiles
    - python src/alceo/processing/rasterize_tiles.py -t data/sites/EBLA/tiles.geojson
      -i data/sites/EBLA/change/E_03_04_2014/E_13_04_2018/raster/pits.disappeared.tif
      -o data/sites/EBLA/change/E_03_04_2014/E_13_04_2018/raster/pits.disappeared/tiles
    deps:
    - path: data/sites/EBLA/change/E_03_04_2014/E_13_04_2018/raster/pits.disappeared.tif
      md5: 96c573e3db1cf699b9f043cf0aaec183
      size: 325052904
    - path: data/sites/EBLA/tiles.geojson
      md5: 4638ecc3d032a06eba1760eefc59036c
      size: 129718
    - path: src/alceo/processing/rasterize_tiles.py
      md5: bad9cc48ed10ed72acfc6bd3737472f9
      size: 5623
    outs:
    - path: data/sites/EBLA/change/E_03_04_2014/E_13_04_2018/raster/pits.disappeared/tiles
      md5: 2e3d64c2c3d67d314d243d4158d56420.dir
      size: 37862784
      nfiles: 288
  tilize_change@2:
    cmd:
    - mkdir -p data/sites/EBLA/change/E_03_04_2014/E_13_04_2018/raster/pits.appeared/tiles
    - python src/alceo/processing/rasterize_tiles.py -t data/sites/EBLA/tiles.geojson
      -i data/sites/EBLA/change/E_03_04_2014/E_13_04_2018/raster/pits.appeared.tif
      -o data/sites/EBLA/change/E_03_04_2014/E_13_04_2018/raster/pits.appeared/tiles
    deps:
    - path: data/sites/EBLA/change/E_03_04_2014/E_13_04_2018/raster/pits.appeared.tif
      md5: 68851d245f54ba5a6a946603d1cd39bd
      size: 325052904
    - path: data/sites/EBLA/tiles.geojson
      md5: 4638ecc3d032a06eba1760eefc59036c
      size: 129718
    - path: src/alceo/processing/rasterize_tiles.py
      md5: bad9cc48ed10ed72acfc6bd3737472f9
      size: 5623
    outs:
    - path: data/sites/EBLA/change/E_03_04_2014/E_13_04_2018/raster/pits.appeared/tiles
      md5: 795a45363e1d77816dc1525d45dea530.dir
      size: 37862784
      nfiles: 288
  rasterize_change@4:
    cmd:
    - mkdir -p data/sites/EBLA/change/E_13_04_2018/E_07_06_2022/raster/
    - rio rasterize data/sites/EBLA/change/E_13_04_2018/E_07_06_2022/vectorial/pits.appeared.geojson
      --like data/sites/EBLA/images/E_13_04_2018/E_13_04_2018_WV2_50cm_NN_Diffuse_geo.tif
      --output data/sites/EBLA/change/E_13_04_2018/E_07_06_2022/raster/pits.appeared.tif
    deps:
    - path: data/sites/EBLA/change/E_13_04_2018/E_07_06_2022/vectorial/pits.appeared.geojson
      md5: 0086c124c912f5fef1eaa59855937274
      size: 143331
    - path: data/sites/EBLA/images/E_13_04_2018/E_13_04_2018_WV2_50cm_NN_Diffuse_geo.tif
      md5: bdafe7ff8459eddcffcb876b38d0353e
      size: 1764919347
    outs:
    - path: data/sites/EBLA/change/E_13_04_2018/E_07_06_2022/raster/pits.appeared.tif
      md5: 637fd187fd2b417b492d07d0157f6b02
      size: 220634940
  rasterize_change@5:
    cmd:
    - mkdir -p data/sites/EBLA/change/E_13_04_2018/E_07_06_2022/raster/
    - rio rasterize data/sites/EBLA/change/E_13_04_2018/E_07_06_2022/vectorial/pits.disappeared.geojson
      --like data/sites/EBLA/images/E_13_04_2018/E_13_04_2018_WV2_50cm_NN_Diffuse_geo.tif
      --output data/sites/EBLA/change/E_13_04_2018/E_07_06_2022/raster/pits.disappeared.tif
    deps:
    - path: data/sites/EBLA/change/E_13_04_2018/E_07_06_2022/vectorial/pits.disappeared.geojson
      md5: 6c1048048dca33608994c48682e033d2
      size: 313270
    - path: data/sites/EBLA/images/E_13_04_2018/E_13_04_2018_WV2_50cm_NN_Diffuse_geo.tif
      md5: bdafe7ff8459eddcffcb876b38d0353e
      size: 1764919347
    outs:
    - path: data/sites/EBLA/change/E_13_04_2018/E_07_06_2022/raster/pits.disappeared.tif
      md5: 06623fbc88822d50a0b56563ae74eca9
      size: 220634940
  tilize_change@4:
    cmd:
    - mkdir -p data/sites/EBLA/change/E_13_04_2018/E_07_06_2022/raster/pits.appeared/tiles
    - python src/alceo/processing/rasterize_tiles.py -t data/sites/EBLA/tiles.geojson
      -i data/sites/EBLA/change/E_13_04_2018/E_07_06_2022/raster/pits.appeared.tif
      -o data/sites/EBLA/change/E_13_04_2018/E_07_06_2022/raster/pits.appeared/tiles
    deps:
    - path: data/sites/EBLA/change/E_13_04_2018/E_07_06_2022/raster/pits.appeared.tif
      md5: 637fd187fd2b417b492d07d0157f6b02
      size: 220634940
    - path: data/sites/EBLA/tiles.geojson
      md5: 4638ecc3d032a06eba1760eefc59036c
      size: 129718
    - path: src/alceo/processing/rasterize_tiles.py
      md5: bad9cc48ed10ed72acfc6bd3737472f9
      size: 5623
    outs:
    - path: data/sites/EBLA/change/E_13_04_2018/E_07_06_2022/raster/pits.appeared/tiles
      md5: 1d7f003219a6e7566c3d13fe71c29980.dir
      size: 37862784
      nfiles: 288
  tilize_change@5:
    cmd:
    - mkdir -p data/sites/EBLA/change/E_13_04_2018/E_07_06_2022/raster/pits.disappeared/tiles
    - python src/alceo/processing/rasterize_tiles.py -t data/sites/EBLA/tiles.geojson
      -i data/sites/EBLA/change/E_13_04_2018/E_07_06_2022/raster/pits.disappeared.tif
      -o data/sites/EBLA/change/E_13_04_2018/E_07_06_2022/raster/pits.disappeared/tiles
    deps:
    - path: data/sites/EBLA/change/E_13_04_2018/E_07_06_2022/raster/pits.disappeared.tif
      md5: 06623fbc88822d50a0b56563ae74eca9
      size: 220634940
    - path: data/sites/EBLA/tiles.geojson
      md5: 4638ecc3d032a06eba1760eefc59036c
      size: 129718
    - path: src/alceo/processing/rasterize_tiles.py
      md5: bad9cc48ed10ed72acfc6bd3737472f9
      size: 5623
    outs:
    - path: data/sites/EBLA/change/E_13_04_2018/E_07_06_2022/raster/pits.disappeared/tiles
      md5: 1e5621ebef3dd58777315bade315605c.dir
      size: 37862784
      nfiles: 288
