schema: '2.0'
stages:
  produce_vectorial_change@0:
    cmd: python src/alceo/processing/change_from_annotations.py -i data/sites/ASWAN/annotations/pits.geojson
      -f 04/08/2005 -s 05/10/2015 -o data/sites/ASWAN/change/AS_04_08_2005/AS_05_10_2015/vectorial
      --crs EPSG:32636
    deps:
    - path: data/sites/ASWAN/annotations/pits.geojson
      md5: ebb1fd8f9b26b648458e4382f6a52d8a
      size: 1339940
    - path: src/alceo/processing/change_from_annotations.py
      md5: 709b58d7f45e1e8f131c3ed0c14c2d2e
      size: 6581
    outs:
    - path: data/sites/ASWAN/change/AS_04_08_2005/AS_05_10_2015/vectorial
      md5: e3d31e24fccce0dac8f49ac589162fbe.dir
      size: 796399
      nfiles: 3
  rasterize_change@0:
    cmd:
    - mkdir -p data/sites/ASWAN/change/AS_04_08_2005/AS_05_10_2015/raster/
    - rio rasterize data/sites/ASWAN/change/AS_04_08_2005/AS_05_10_2015/vectorial/pits.appeared.geojson
      --like data/sites/ASWAN/images/AS_04_08_2005/AS_04_08_2005_QB_NN_diffuse_geo.tif
      --output data/sites/ASWAN/change/AS_04_08_2005/AS_05_10_2015/raster/pits.appeared.tif
    deps:
    - path: data/sites/ASWAN/change/AS_04_08_2005/AS_05_10_2015/vectorial/pits.appeared.geojson
      md5: bcc39b79440fd9e1bf718b7a656b90cb
      size: 485418
    - path: data/sites/ASWAN/images/AS_04_08_2005/AS_04_08_2005_QB_NN_diffuse_geo.tif
      md5: d5d532307cd9d2df5a731a32c096f534
      size: 579448123
    outs:
    - path: data/sites/ASWAN/change/AS_04_08_2005/AS_05_10_2015/raster/pits.appeared.tif
      md5: 256e11e4bba5400bf9ce8d12e43a1c57
      size: 144861452
  rasterize_change@1:
    cmd:
    - mkdir -p data/sites/ASWAN/change/AS_04_08_2005/AS_05_10_2015/raster/
    - rio rasterize data/sites/ASWAN/change/AS_04_08_2005/AS_05_10_2015/vectorial/pits.disappeared.geojson
      --like data/sites/ASWAN/images/AS_04_08_2005/AS_04_08_2005_QB_NN_diffuse_geo.tif
      --output data/sites/ASWAN/change/AS_04_08_2005/AS_05_10_2015/raster/pits.disappeared.tif
    deps:
    - path: data/sites/ASWAN/change/AS_04_08_2005/AS_05_10_2015/vectorial/pits.disappeared.geojson
      md5: 4601b0f682dd88d25f7b1ae82de4f27e
      size: 247692
    - path: data/sites/ASWAN/images/AS_04_08_2005/AS_04_08_2005_QB_NN_diffuse_geo.tif
      md5: d5d532307cd9d2df5a731a32c096f534
      size: 579448123
    outs:
    - path: data/sites/ASWAN/change/AS_04_08_2005/AS_05_10_2015/raster/pits.disappeared.tif
      md5: c2b46089d06d95922264e4466409e737
      size: 144861452
  produce_vectorial_change@2:
    cmd: python src/alceo/processing/change_from_annotations.py -i data/sites/ASWAN/annotations/pits.geojson
      -f 04/08/2005 -s 20/03/2018 -o data/sites/ASWAN/change/AS_04_08_2005/AS_20_03_2018/vectorial
      --crs EPSG:32636
    deps:
    - path: data/sites/ASWAN/annotations/pits.geojson
      md5: ebb1fd8f9b26b648458e4382f6a52d8a
      size: 1339940
    - path: src/alceo/processing/change_from_annotations.py
      md5: 709b58d7f45e1e8f131c3ed0c14c2d2e
      size: 6581
    outs:
    - path: data/sites/ASWAN/change/AS_04_08_2005/AS_20_03_2018/vectorial
      md5: 4eafd365f2f02185e2e0b55be1a84bf2.dir
      size: 1110118
      nfiles: 3
  rasterize_change@4:
    cmd:
    - mkdir -p data/sites/ASWAN/change/AS_04_08_2005/AS_20_03_2018/raster/
    - rio rasterize data/sites/ASWAN/change/AS_04_08_2005/AS_20_03_2018/vectorial/pits.appeared.geojson
      --like data/sites/ASWAN/images/AS_04_08_2005/AS_04_08_2005_QB_NN_diffuse_geo.tif
      --output data/sites/ASWAN/change/AS_04_08_2005/AS_20_03_2018/raster/pits.appeared.tif
    deps:
    - path: data/sites/ASWAN/change/AS_04_08_2005/AS_20_03_2018/vectorial/pits.appeared.geojson
      md5: 4591490a6a0e0d5e4b4fa41beddbb93b
      size: 799057
    - path: data/sites/ASWAN/images/AS_04_08_2005/AS_04_08_2005_QB_NN_diffuse_geo.tif
      md5: d5d532307cd9d2df5a731a32c096f534
      size: 579448123
    outs:
    - path: data/sites/ASWAN/change/AS_04_08_2005/AS_20_03_2018/raster/pits.appeared.tif
      md5: 3ed0a4275d630f412f786d12a38047e1
      size: 144861452
  produce_vectorial_change@1:
    cmd: python src/alceo/processing/change_from_annotations.py -i data/sites/ASWAN/annotations/pits.geojson
      -f 05/10/2015 -s 20/03/2018 -o data/sites/ASWAN/change/AS_05_10_2015/AS_20_03_2018/vectorial
      --crs EPSG:32636
    deps:
    - path: data/sites/ASWAN/annotations/pits.geojson
      md5: ebb1fd8f9b26b648458e4382f6a52d8a
      size: 1339940
    - path: src/alceo/processing/change_from_annotations.py
      md5: 709b58d7f45e1e8f131c3ed0c14c2d2e
      size: 6581
    outs:
    - path: data/sites/ASWAN/change/AS_05_10_2015/AS_20_03_2018/vectorial
      md5: 9bda2d4a15a3bd1fd9ca488286714ff4.dir
      size: 1203390
      nfiles: 3
  rasterize_change@3:
    cmd:
    - mkdir -p data/sites/ASWAN/change/AS_05_10_2015/AS_20_03_2018/raster/
    - rio rasterize data/sites/ASWAN/change/AS_05_10_2015/AS_20_03_2018/vectorial/pits.disappeared.geojson
      --like data/sites/ASWAN/images/AS_05_10_2015/AS_05_10_2015_NN_diffuse_geo.tif
      --output data/sites/ASWAN/change/AS_05_10_2015/AS_20_03_2018/raster/pits.disappeared.tif
    deps:
    - path: data/sites/ASWAN/change/AS_05_10_2015/AS_20_03_2018/vectorial/pits.disappeared.geojson
      md5: 9bdc9151138e30d6203bc8d97550cdc9
      size: 253042
    - path: data/sites/ASWAN/images/AS_05_10_2015/AS_05_10_2015_NN_diffuse_geo.tif
      md5: 8087bb48ff642de219e7bfe5549114a1
      size: 1207978303
    outs:
    - path: data/sites/ASWAN/change/AS_05_10_2015/AS_20_03_2018/raster/pits.disappeared.tif
      md5: a97f353576a37fa13aaca44a868fb7d8
      size: 302012782
  produce_vectorial_tiles:
    cmd: python src/alceo/processing/produce_tiles.py -i data/sites/ASWAN/images/AS_04_08_2005/AS_04_08_2005_QB_NN_diffuse_geo.tif
      -p ASWAN_ -a data/sites/ASWAN/area_of_interest.geojson -o data/sites/ASWAN/tiles.geojson
      -tw 256 -th 256
    deps:
    - path: data/sites/ASWAN/area_of_interest.geojson
      md5: fdc4f6e33b4d8952553647616863f402
      size: 1381
    - path: data/sites/ASWAN/images/AS_04_08_2005/AS_04_08_2005_QB_NN_diffuse_geo.tif
      md5: d5d532307cd9d2df5a731a32c096f534
      size: 579448123
    - path: src/alceo/processing/produce_tiles.py
      md5: 8cee0d4f36707b321541dee97ba267f1
      size: 5320
    outs:
    - path: data/sites/ASWAN/tiles.geojson
      md5: 1a35fe2cf20c07fe3e66ea78e7c17f3b
      size: 139020
  tilize_change@0:
    cmd:
    - mkdir -p data/sites/ASWAN/change/AS_04_08_2005/AS_05_10_2015/raster/pits.appeared/tiles
    - python src/alceo/processing/rasterize_tiles.py -t data/sites/ASWAN/tiles.geojson
      -i data/sites/ASWAN/change/AS_04_08_2005/AS_05_10_2015/raster/pits.appeared.tif
      -o data/sites/ASWAN/change/AS_04_08_2005/AS_05_10_2015/raster/pits.appeared/tiles
    deps:
    - path: data/sites/ASWAN/change/AS_04_08_2005/AS_05_10_2015/raster/pits.appeared.tif
      md5: 256e11e4bba5400bf9ce8d12e43a1c57
      size: 144861452
    - path: data/sites/ASWAN/tiles.geojson
      md5: 1a35fe2cf20c07fe3e66ea78e7c17f3b
      size: 139020
    - path: src/alceo/processing/rasterize_tiles.py
      md5: bad9cc48ed10ed72acfc6bd3737472f9
      size: 5623
    outs:
    - path: data/sites/ASWAN/change/AS_04_08_2005/AS_05_10_2015/raster/pits.appeared/tiles
      md5: d90ca3357bb00cbf391ce357161c7877.dir
      size: 40360676
      nfiles: 307
  tilize_image@1:
    cmd: python src/alceo/processing/rasterize_tiles.py -t data/sites/ASWAN/tiles.geojson
      -i data/sites/ASWAN/images/AS_05_10_2015/AS_05_10_2015_NN_diffuse_geo.tif -o
      data/sites/ASWAN/tiles/AS_05_10_2015
    deps:
    - path: data/sites/ASWAN/images/AS_05_10_2015/AS_05_10_2015_NN_diffuse_geo.tif
      md5: 8087bb48ff642de219e7bfe5549114a1
      size: 1207978303
    - path: data/sites/ASWAN/tiles.geojson
      md5: 1a35fe2cf20c07fe3e66ea78e7c17f3b
      size: 139020
    - path: src/alceo/processing/rasterize_tiles.py
      md5: bad9cc48ed10ed72acfc6bd3737472f9
      size: 5623
    outs:
    - path: data/sites/ASWAN/tiles/AS_05_10_2015/
      md5: 21b5326ef7327321c0376734be3660b0.dir
      size: 161090882
      nfiles: 307
  tilize_change@1:
    cmd:
    - mkdir -p data/sites/ASWAN/change/AS_04_08_2005/AS_05_10_2015/raster/pits.disappeared/tiles
    - python src/alceo/processing/rasterize_tiles.py -t data/sites/ASWAN/tiles.geojson
      -i data/sites/ASWAN/change/AS_04_08_2005/AS_05_10_2015/raster/pits.disappeared.tif
      -o data/sites/ASWAN/change/AS_04_08_2005/AS_05_10_2015/raster/pits.disappeared/tiles
    deps:
    - path: data/sites/ASWAN/change/AS_04_08_2005/AS_05_10_2015/raster/pits.disappeared.tif
      md5: c2b46089d06d95922264e4466409e737
      size: 144861452
    - path: data/sites/ASWAN/tiles.geojson
      md5: 1a35fe2cf20c07fe3e66ea78e7c17f3b
      size: 139020
    - path: src/alceo/processing/rasterize_tiles.py
      md5: bad9cc48ed10ed72acfc6bd3737472f9
      size: 5623
    outs:
    - path: data/sites/ASWAN/change/AS_04_08_2005/AS_05_10_2015/raster/pits.disappeared/tiles
      md5: f7988635dceb738ebf34d53b68f115f9.dir
      size: 40360676
      nfiles: 307
  rasterize_change@2:
    cmd:
    - mkdir -p data/sites/ASWAN/change/AS_05_10_2015/AS_20_03_2018/raster/
    - rio rasterize data/sites/ASWAN/change/AS_05_10_2015/AS_20_03_2018/vectorial/pits.appeared.geojson
      --like data/sites/ASWAN/images/AS_05_10_2015/AS_05_10_2015_NN_diffuse_geo.tif
      --output data/sites/ASWAN/change/AS_05_10_2015/AS_20_03_2018/raster/pits.appeared.tif
    deps:
    - path: data/sites/ASWAN/change/AS_05_10_2015/AS_20_03_2018/vectorial/pits.appeared.geojson
      md5: 9175c3d0399a27ff730f1a724d709e85
      size: 557786
    - path: data/sites/ASWAN/images/AS_05_10_2015/AS_05_10_2015_NN_diffuse_geo.tif
      md5: 8087bb48ff642de219e7bfe5549114a1
      size: 1207978303
    outs:
    - path: data/sites/ASWAN/change/AS_05_10_2015/AS_20_03_2018/raster/pits.appeared.tif
      md5: 110ec62bd903c5b6fb4e6cf813a4317f
      size: 302012782
  tilize_change@2:
    cmd:
    - mkdir -p data/sites/ASWAN/change/AS_05_10_2015/AS_20_03_2018/raster/pits.appeared/tiles
    - python src/alceo/processing/rasterize_tiles.py -t data/sites/ASWAN/tiles.geojson
      -i data/sites/ASWAN/change/AS_05_10_2015/AS_20_03_2018/raster/pits.appeared.tif
      -o data/sites/ASWAN/change/AS_05_10_2015/AS_20_03_2018/raster/pits.appeared/tiles
    deps:
    - path: data/sites/ASWAN/change/AS_05_10_2015/AS_20_03_2018/raster/pits.appeared.tif
      md5: 110ec62bd903c5b6fb4e6cf813a4317f
      size: 302012782
    - path: data/sites/ASWAN/tiles.geojson
      md5: 1a35fe2cf20c07fe3e66ea78e7c17f3b
      size: 139020
    - path: src/alceo/processing/rasterize_tiles.py
      md5: bad9cc48ed10ed72acfc6bd3737472f9
      size: 5623
    outs:
    - path: data/sites/ASWAN/change/AS_05_10_2015/AS_20_03_2018/raster/pits.appeared/tiles
      md5: bf0da11b868258e3aa59fcbe0f1b9628.dir
      size: 40360676
      nfiles: 307
  tilize_change@3:
    cmd:
    - mkdir -p data/sites/ASWAN/change/AS_05_10_2015/AS_20_03_2018/raster/pits.disappeared/tiles
    - python src/alceo/processing/rasterize_tiles.py -t data/sites/ASWAN/tiles.geojson
      -i data/sites/ASWAN/change/AS_05_10_2015/AS_20_03_2018/raster/pits.disappeared.tif
      -o data/sites/ASWAN/change/AS_05_10_2015/AS_20_03_2018/raster/pits.disappeared/tiles
    deps:
    - path: data/sites/ASWAN/change/AS_05_10_2015/AS_20_03_2018/raster/pits.disappeared.tif
      md5: a97f353576a37fa13aaca44a868fb7d8
      size: 302012782
    - path: data/sites/ASWAN/tiles.geojson
      md5: 1a35fe2cf20c07fe3e66ea78e7c17f3b
      size: 139020
    - path: src/alceo/processing/rasterize_tiles.py
      md5: bad9cc48ed10ed72acfc6bd3737472f9
      size: 5623
    outs:
    - path: data/sites/ASWAN/change/AS_05_10_2015/AS_20_03_2018/raster/pits.disappeared/tiles
      md5: 7cdb43c3bd8a4a175a5ce1cd21e00920.dir
      size: 40360676
      nfiles: 307
  tilize_image@2:
    cmd: python src/alceo/processing/rasterize_tiles.py -t data/sites/ASWAN/tiles.geojson
      -i data/sites/ASWAN/images/AS_20_03_2018/AS_20_03_2018_NN_diffuse.tif -o data/sites/ASWAN/tiles/AS_20_03_2018
    deps:
    - path: data/sites/ASWAN/images/AS_20_03_2018/AS_20_03_2018_NN_diffuse.tif
      md5: 80df6572754f657480079ba09395c79d
      size: 1194374594
    - path: data/sites/ASWAN/tiles.geojson
      md5: 1a35fe2cf20c07fe3e66ea78e7c17f3b
      size: 139020
    - path: src/alceo/processing/rasterize_tiles.py
      md5: bad9cc48ed10ed72acfc6bd3737472f9
      size: 5623
    outs:
    - path: data/sites/ASWAN/tiles/AS_20_03_2018/
      md5: c759f161ced5a350e1e04437b22074e1.dir
      size: 162963582
      nfiles: 307
  rasterize_change@5:
    cmd:
    - mkdir -p data/sites/ASWAN/change/AS_04_08_2005/AS_20_03_2018/raster/
    - rio rasterize data/sites/ASWAN/change/AS_04_08_2005/AS_20_03_2018/vectorial/pits.disappeared.geojson
      --like data/sites/ASWAN/images/AS_04_08_2005/AS_04_08_2005_QB_NN_diffuse_geo.tif
      --output data/sites/ASWAN/change/AS_04_08_2005/AS_20_03_2018/raster/pits.disappeared.tif
    deps:
    - path: data/sites/ASWAN/change/AS_04_08_2005/AS_20_03_2018/vectorial/pits.disappeared.geojson
      md5: fa8c3688ba3895b7f354870f05ea15c0
      size: 247223
    - path: data/sites/ASWAN/images/AS_04_08_2005/AS_04_08_2005_QB_NN_diffuse_geo.tif
      md5: d5d532307cd9d2df5a731a32c096f534
      size: 579448123
    outs:
    - path: data/sites/ASWAN/change/AS_04_08_2005/AS_20_03_2018/raster/pits.disappeared.tif
      md5: 22956ba99791fd862a4b1d0f81bc794f
      size: 144861452
  tilize_change@5:
    cmd:
    - mkdir -p data/sites/ASWAN/change/AS_04_08_2005/AS_20_03_2018/raster/pits.disappeared/tiles
    - python src/alceo/processing/rasterize_tiles.py -t data/sites/ASWAN/tiles.geojson
      -i data/sites/ASWAN/change/AS_04_08_2005/AS_20_03_2018/raster/pits.disappeared.tif
      -o data/sites/ASWAN/change/AS_04_08_2005/AS_20_03_2018/raster/pits.disappeared/tiles
    deps:
    - path: data/sites/ASWAN/change/AS_04_08_2005/AS_20_03_2018/raster/pits.disappeared.tif
      md5: 22956ba99791fd862a4b1d0f81bc794f
      size: 144861452
    - path: data/sites/ASWAN/tiles.geojson
      md5: 1a35fe2cf20c07fe3e66ea78e7c17f3b
      size: 139020
    - path: src/alceo/processing/rasterize_tiles.py
      md5: bad9cc48ed10ed72acfc6bd3737472f9
      size: 5623
    outs:
    - path: data/sites/ASWAN/change/AS_04_08_2005/AS_20_03_2018/raster/pits.disappeared/tiles
      md5: f1f358b3de975e0f9fadb7ea979b7316.dir
      size: 40360676
      nfiles: 307
  tilize_change@4:
    cmd:
    - mkdir -p data/sites/ASWAN/change/AS_04_08_2005/AS_20_03_2018/raster/pits.appeared/tiles
    - python src/alceo/processing/rasterize_tiles.py -t data/sites/ASWAN/tiles.geojson
      -i data/sites/ASWAN/change/AS_04_08_2005/AS_20_03_2018/raster/pits.appeared.tif
      -o data/sites/ASWAN/change/AS_04_08_2005/AS_20_03_2018/raster/pits.appeared/tiles
    deps:
    - path: data/sites/ASWAN/change/AS_04_08_2005/AS_20_03_2018/raster/pits.appeared.tif
      md5: 3ed0a4275d630f412f786d12a38047e1
      size: 144861452
    - path: data/sites/ASWAN/tiles.geojson
      md5: 1a35fe2cf20c07fe3e66ea78e7c17f3b
      size: 139020
    - path: src/alceo/processing/rasterize_tiles.py
      md5: bad9cc48ed10ed72acfc6bd3737472f9
      size: 5623
    outs:
    - path: data/sites/ASWAN/change/AS_04_08_2005/AS_20_03_2018/raster/pits.appeared/tiles
      md5: 248418a8038531df2d6b2f09e74bc339.dir
      size: 40360676
      nfiles: 307
  tilize_image@0:
    cmd: python src/alceo/processing/rasterize_tiles.py -t data/sites/ASWAN/tiles.geojson
      -i data/sites/ASWAN/images/AS_04_08_2005/AS_04_08_2005_QB_NN_diffuse_geo.tif
      -o data/sites/ASWAN/tiles/AS_04_08_2005
    deps:
    - path: data/sites/ASWAN/images/AS_04_08_2005/AS_04_08_2005_QB_NN_diffuse_geo.tif
      md5: d5d532307cd9d2df5a731a32c096f534
      size: 579448123
    - path: data/sites/ASWAN/tiles.geojson
      md5: 1a35fe2cf20c07fe3e66ea78e7c17f3b
      size: 139020
    - path: src/alceo/processing/rasterize_tiles.py
      md5: bad9cc48ed10ed72acfc6bd3737472f9
      size: 5623
    outs:
    - path: data/sites/ASWAN/tiles/AS_04_08_2005/
      md5: 45f9dfc407cd067307298b54bef091cc.dir
      size: 161090882
      nfiles: 307
