schema: '2.0'
stages:
  produce_vectorial_change@0:
    cmd: python src/alceo/processing/change_from_annotations.py -i data/sites/ASWAN/annotations/pits.geojson
      -f 04/08/2005 -s 05/10/2015 -o data/sites/ASWAN/change/AS_04_08_2005/AS_05_10_2015/vectorial
      --crs EPSG:32636
    deps:
    - path: data/sites/ASWAN/annotations/pits.geojson
      md5: 6a58d8c636354de179b55fe3ecbc6660
      size: 4167913
    - path: src/alceo/processing/change_from_annotations.py
      md5: 709b58d7f45e1e8f131c3ed0c14c2d2e
      size: 6581
    outs:
    - path: data/sites/ASWAN/change/AS_04_08_2005/AS_05_10_2015/vectorial
      md5: e30689d1e44ea0ddf452effc082435f5.dir
      size: 783801
      nfiles: 3
  rasterize_change@0:
    cmd:
    - mkdir -p data/sites/ASWAN/change/AS_04_08_2005/AS_05_10_2015/raster/
    - rio rasterize data/sites/ASWAN/change/AS_04_08_2005/AS_05_10_2015/vectorial/pits.appeared.geojson
      --like data/sites/ASWAN/images/AS_04_08_2005/AS_04_08_2005_QB_NN_diffuse_geo.tif
      --output data/sites/ASWAN/change/AS_04_08_2005/AS_05_10_2015/raster/pits.appeared.tif
    deps:
    - path: data/sites/ASWAN/change/AS_04_08_2005/AS_05_10_2015/vectorial/pits.appeared.geojson
      md5: 02f7e44d47210ef590094899e405b8b9
      size: 474981
    - path: data/sites/ASWAN/images/AS_04_08_2005/AS_04_08_2005_QB_NN_diffuse_geo.tif
      md5: d5d532307cd9d2df5a731a32c096f534
      size: 579448123
    outs:
    - path: data/sites/ASWAN/change/AS_04_08_2005/AS_05_10_2015/raster/pits.appeared.tif
      md5: baff79a55f362f2a49d2fed8ac3f219c
      size: 144861452
  rasterize_change@1:
    cmd:
    - mkdir -p data/sites/ASWAN/change/AS_04_08_2005/AS_05_10_2015/raster/
    - rio rasterize data/sites/ASWAN/change/AS_04_08_2005/AS_05_10_2015/vectorial/pits.disappeared.geojson
      --like data/sites/ASWAN/images/AS_04_08_2005/AS_04_08_2005_QB_NN_diffuse_geo.tif
      --output data/sites/ASWAN/change/AS_04_08_2005/AS_05_10_2015/raster/pits.disappeared.tif
    deps:
    - path: data/sites/ASWAN/change/AS_04_08_2005/AS_05_10_2015/vectorial/pits.disappeared.geojson
      md5: 1f0f8f983d4cb5259b2d2abc0e262425
      size: 246052
    - path: data/sites/ASWAN/images/AS_04_08_2005/AS_04_08_2005_QB_NN_diffuse_geo.tif
      md5: d5d532307cd9d2df5a731a32c096f534
      size: 579448123
    outs:
    - path: data/sites/ASWAN/change/AS_04_08_2005/AS_05_10_2015/raster/pits.disappeared.tif
      md5: c2b46089d06d95922264e4466409e737
      size: 144861452
  produce_vectorial_change@2:
    cmd: python src/alceo/processing/change_from_annotations.py -i data/sites/ASWAN/annotations/pits.geojson
      -f 04/08/2005 -s 05/10/2015 -o data/sites/ASWAN/change/AS_04_08_2005/AS_20_03/2018/vectorial
      --crs EPSG:32636
    deps:
    - path: data/sites/ASWAN/annotations/pits.geojson
      md5: 6a58d8c636354de179b55fe3ecbc6660
      size: 4167913
    - path: src/alceo/processing/change_from_annotations.py
      md5: 709b58d7f45e1e8f131c3ed0c14c2d2e
      size: 6581
    outs:
    - path: data/sites/ASWAN/change/AS_04_08_2005/AS_20_03/2018/vectorial
      md5: e30689d1e44ea0ddf452effc082435f5.dir
      size: 783801
      nfiles: 3
  rasterize_change@4:
    cmd:
    - mkdir -p data/sites/ASWAN/change/AS_04_08_2005/AS_20_03/2018/raster/
    - rio rasterize data/sites/ASWAN/change/AS_04_08_2005/AS_20_03/2018/vectorial/pits.appeared.geojson
      --like data/sites/ASWAN/images/AS_04_08_2005/AS_04_08_2005_QB_NN_diffuse_geo.tif
      --output data/sites/ASWAN/change/AS_04_08_2005/AS_20_03/2018/raster/pits.appeared.tif
    deps:
    - path: data/sites/ASWAN/change/AS_04_08_2005/AS_20_03/2018/vectorial/pits.appeared.geojson
      md5: 02f7e44d47210ef590094899e405b8b9
      size: 474981
    - path: data/sites/ASWAN/images/AS_04_08_2005/AS_04_08_2005_QB_NN_diffuse_geo.tif
      md5: d5d532307cd9d2df5a731a32c096f534
      size: 579448123
    outs:
    - path: data/sites/ASWAN/change/AS_04_08_2005/AS_20_03/2018/raster/pits.appeared.tif
      md5: baff79a55f362f2a49d2fed8ac3f219c
      size: 144861452
  produce_vectorial_change@1:
    cmd: python src/alceo/processing/change_from_annotations.py -i data/sites/ASWAN/annotations/pits.geojson
      -f 05/10/2015 -s 20/03/2018 -o data/sites/ASWAN/change/AS_05_10_2015/AS_20_03_2018/vectorial
      --crs EPSG:32636
    deps:
    - path: data/sites/ASWAN/annotations/pits.geojson
      md5: 6a58d8c636354de179b55fe3ecbc6660
      size: 4167913
    - path: src/alceo/processing/change_from_annotations.py
      md5: 709b58d7f45e1e8f131c3ed0c14c2d2e
      size: 6581
    outs:
    - path: data/sites/ASWAN/change/AS_05_10_2015/AS_20_03_2018/vectorial
      md5: 2b9928e9ecf4d0a78a81e3fc4dd201fd.dir
      size: 1175498
      nfiles: 3
  rasterize_change@3:
    cmd:
    - mkdir -p data/sites/ASWAN/change/AS_05_10_2015/AS_20_03_2018/raster/
    - rio rasterize data/sites/ASWAN/change/AS_05_10_2015/AS_20_03_2018/vectorial/pits.disappeared.geojson
      --like data/sites/ASWAN/images/AS_05_10_2015/AS_05_10_2015_NN_diffuse_geo.tif
      --output data/sites/ASWAN/change/AS_05_10_2015/AS_20_03_2018/raster/pits.disappeared.tif
    deps:
    - path: data/sites/ASWAN/change/AS_05_10_2015/AS_20_03_2018/vectorial/pits.disappeared.geojson
      md5: 3b396b78f3969663ceda819b91117ee6
      size: 245846
    - path: data/sites/ASWAN/images/AS_05_10_2015/AS_05_10_2015_NN_diffuse_geo.tif
      md5: 8087bb48ff642de219e7bfe5549114a1
      size: 1207978303
    outs:
    - path: data/sites/ASWAN/change/AS_05_10_2015/AS_20_03_2018/raster/pits.disappeared.tif
      md5: c8920c560a5189818292b966b72b6c35
      size: 302012782
  produce_vectorial_tiles:
    cmd: python src/alceo/processing/produce_tiles.py -i data/sites/ASWAN/images/AS_04_08_2005/AS_04_08_2005_QB_NN_diffuse_geo.tif
      -p ASWAN_ -a data/sites/ASWAN/area_of_interest.geojson -o data/sites/ASWAN/tiles.geojson
      -tw 256 -th 256
    deps:
    - path: data/sites/ASWAN/area_of_interest.geojson
      md5: 240669db0f25b399f4212a443324f6fc
      size: 4656
    - path: data/sites/ASWAN/images/AS_04_08_2005/AS_04_08_2005_QB_NN_diffuse_geo.tif
      md5: d5d532307cd9d2df5a731a32c096f534
      size: 579448123
    - path: src/alceo/processing/produce_tiles.py
      md5: e3033891187c53a440fd74a286c6228d
      size: 5313
    outs:
    - path: data/sites/ASWAN/tiles.geojson
      md5: dcc608faf859c814cd81bc4de4550ca5
      size: 128621
  tilize_change@0:
    cmd:
    - mkdir -p data/sites/ASWAN/change/AS_04_08_2005/AS_05_10_2015/raster/pits.appeared/tiles
    - python src/alceo/processing/rasterize_tiles.py -t data/sites/ASWAN/tiles.geojson
      -i data/sites/ASWAN/change/AS_04_08_2005/AS_05_10_2015/raster/pits.appeared.tif
      -o data/sites/ASWAN/change/AS_04_08_2005/AS_05_10_2015/raster/pits.appeared/tiles
    deps:
    - path: data/sites/ASWAN/change/AS_04_08_2005/AS_05_10_2015/raster/pits.appeared.tif
      md5: baff79a55f362f2a49d2fed8ac3f219c
      size: 144861452
    - path: data/sites/ASWAN/tiles.geojson
      md5: dcc608faf859c814cd81bc4de4550ca5
      size: 128621
    - path: src/alceo/processing/rasterize_tiles.py
      md5: e77a6f9ca5ac7d84726ff0b84df5ad17
      size: 5081
    outs:
    - path: data/sites/ASWAN/change/AS_04_08_2005/AS_05_10_2015/raster/pits.appeared/tiles
      md5: b991d9af71c052c28be20513a2a2c1ef.dir
      size: 37353952
      nfiles: 284
  tilize_image@1:
    cmd: python src/alceo/processing/rasterize_tiles.py -t data/sites/ASWAN/tiles.geojson
      -i data/sites/ASWAN/images/AS_05_10_2015/AS_05_10_2015_NN_diffuse_geo.tif -o
      data/sites/ASWAN/tiles/AS_05_10_2015
    deps:
    - path: data/sites/ASWAN/images/AS_05_10_2015/AS_05_10_2015_NN_diffuse_geo.tif
      md5: 8087bb48ff642de219e7bfe5549114a1
      size: 1207978303
    - path: data/sites/ASWAN/tiles.geojson
      md5: dcc608faf859c814cd81bc4de4550ca5
      size: 128621
    - path: src/alceo/processing/rasterize_tiles.py
      md5: e77a6f9ca5ac7d84726ff0b84df5ad17
      size: 5081
    outs:
    - path: data/sites/ASWAN/tiles/AS_05_10_2015/
      md5: 820f3f2e87da57f30f8e6ac9dab144ee.dir
      size: 149118744
      nfiles: 284
  tilize_change@1:
    cmd:
    - mkdir -p data/sites/ASWAN/change/AS_04_08_2005/AS_05_10_2015/raster/pits.disappeared/tiles
    - python src/alceo/processing/rasterize_tiles.py -t data/sites/ASWAN/tiles.geojson
      -i data/sites/ASWAN/change/AS_04_08_2005/AS_05_10_2015/raster/pits.disappeared.tif
      -o data/sites/ASWAN/change/AS_04_08_2005/AS_05_10_2015/raster/pits.disappeared/tiles
    deps:
    - path: data/sites/ASWAN/change/AS_04_08_2005/AS_05_10_2015/raster/pits.disappeared.tif
      md5: c2b46089d06d95922264e4466409e737
      size: 144861452
    - path: data/sites/ASWAN/tiles.geojson
      md5: dcc608faf859c814cd81bc4de4550ca5
      size: 128621
    - path: src/alceo/processing/rasterize_tiles.py
      md5: e77a6f9ca5ac7d84726ff0b84df5ad17
      size: 5081
    outs:
    - path: data/sites/ASWAN/change/AS_04_08_2005/AS_05_10_2015/raster/pits.disappeared/tiles
      md5: 6eb5ac58a8a2a7fece4911d0ca153bbd.dir
      size: 37353952
      nfiles: 284
  rasterize_change@2:
    cmd:
    - mkdir -p data/sites/ASWAN/change/AS_05_10_2015/AS_20_03_2018/raster/
    - rio rasterize data/sites/ASWAN/change/AS_05_10_2015/AS_20_03_2018/vectorial/pits.appeared.geojson
      --like data/sites/ASWAN/images/AS_05_10_2015/AS_05_10_2015_NN_diffuse_geo.tif
      --output data/sites/ASWAN/change/AS_05_10_2015/AS_20_03_2018/raster/pits.appeared.tif
    deps:
    - path: data/sites/ASWAN/change/AS_05_10_2015/AS_20_03_2018/vectorial/pits.appeared.geojson
      md5: ba26e201c7b9a964747b73c5e306dad0
      size: 542710
    - path: data/sites/ASWAN/images/AS_05_10_2015/AS_05_10_2015_NN_diffuse_geo.tif
      md5: 8087bb48ff642de219e7bfe5549114a1
      size: 1207978303
    outs:
    - path: data/sites/ASWAN/change/AS_05_10_2015/AS_20_03_2018/raster/pits.appeared.tif
      md5: 97d6d4ba25f72aa221dedf071653a56b
      size: 302012782
  tilize_change@2:
    cmd:
    - mkdir -p data/sites/ASWAN/change/AS_05_10_2015/AS_20_03_2018/raster/pits.appeared/tiles
    - python src/alceo/processing/rasterize_tiles.py -t data/sites/ASWAN/tiles.geojson
      -i data/sites/ASWAN/change/AS_05_10_2015/AS_20_03_2018/raster/pits.appeared.tif
      -o data/sites/ASWAN/change/AS_05_10_2015/AS_20_03_2018/raster/pits.appeared/tiles
    deps:
    - path: data/sites/ASWAN/change/AS_05_10_2015/AS_20_03_2018/raster/pits.appeared.tif
      md5: 97d6d4ba25f72aa221dedf071653a56b
      size: 302012782
    - path: data/sites/ASWAN/tiles.geojson
      md5: dcc608faf859c814cd81bc4de4550ca5
      size: 128621
    - path: src/alceo/processing/rasterize_tiles.py
      md5: e77a6f9ca5ac7d84726ff0b84df5ad17
      size: 5081
    outs:
    - path: data/sites/ASWAN/change/AS_05_10_2015/AS_20_03_2018/raster/pits.appeared/tiles
      md5: 240817d2b887a7e121ce03b45a09f7e0.dir
      size: 37353952
      nfiles: 284
  tilize_change@3:
    cmd:
    - mkdir -p data/sites/ASWAN/change/AS_05_10_2015/AS_20_03_2018/raster/pits.disappeared/tiles
    - python src/alceo/processing/rasterize_tiles.py -t data/sites/ASWAN/tiles.geojson
      -i data/sites/ASWAN/change/AS_05_10_2015/AS_20_03_2018/raster/pits.disappeared.tif
      -o data/sites/ASWAN/change/AS_05_10_2015/AS_20_03_2018/raster/pits.disappeared/tiles
    deps:
    - path: data/sites/ASWAN/change/AS_05_10_2015/AS_20_03_2018/raster/pits.disappeared.tif
      md5: c8920c560a5189818292b966b72b6c35
      size: 302012782
    - path: data/sites/ASWAN/tiles.geojson
      md5: dcc608faf859c814cd81bc4de4550ca5
      size: 128621
    - path: src/alceo/processing/rasterize_tiles.py
      md5: e77a6f9ca5ac7d84726ff0b84df5ad17
      size: 5081
    outs:
    - path: data/sites/ASWAN/change/AS_05_10_2015/AS_20_03_2018/raster/pits.disappeared/tiles
      md5: 9e5cf21a5e92b84f8f4b552e95ff62b4.dir
      size: 37353952
      nfiles: 284
  tilize_image@2:
    cmd: python src/alceo/processing/rasterize_tiles.py -t data/sites/ASWAN/tiles.geojson
      -i data/sites/ASWAN/images/AS_20_03_2018/AS_20_03_2018_NN_diffuse.tif -o data/sites/ASWAN/tiles/AS_20_03_2018
    deps:
    - path: data/sites/ASWAN/images/AS_20_03_2018/AS_20_03_2018_NN_diffuse.tif
      md5: 80df6572754f657480079ba09395c79d
      size: 1194374594
    - path: data/sites/ASWAN/tiles.geojson
      md5: dcc608faf859c814cd81bc4de4550ca5
      size: 128621
    - path: src/alceo/processing/rasterize_tiles.py
      md5: e77a6f9ca5ac7d84726ff0b84df5ad17
      size: 5081
    outs:
    - path: data/sites/ASWAN/tiles/AS_20_03_2018/
      md5: 4cc82a4ff3d142dbc71e474b2247cc63.dir
      size: 149118744
      nfiles: 284
  rasterize_change@5:
    cmd:
    - mkdir -p data/sites/ASWAN/change/AS_04_08_2005/AS_20_03/2018/raster/
    - rio rasterize data/sites/ASWAN/change/AS_04_08_2005/AS_20_03/2018/vectorial/pits.disappeared.geojson
      --like data/sites/ASWAN/images/AS_04_08_2005/AS_04_08_2005_QB_NN_diffuse_geo.tif
      --output data/sites/ASWAN/change/AS_04_08_2005/AS_20_03/2018/raster/pits.disappeared.tif
    deps:
    - path: data/sites/ASWAN/change/AS_04_08_2005/AS_20_03/2018/vectorial/pits.disappeared.geojson
      md5: 1f0f8f983d4cb5259b2d2abc0e262425
      size: 246052
    - path: data/sites/ASWAN/images/AS_04_08_2005/AS_04_08_2005_QB_NN_diffuse_geo.tif
      md5: d5d532307cd9d2df5a731a32c096f534
      size: 579448123
    outs:
    - path: data/sites/ASWAN/change/AS_04_08_2005/AS_20_03/2018/raster/pits.disappeared.tif
      md5: c2b46089d06d95922264e4466409e737
      size: 144861452
  tilize_change@5:
    cmd:
    - mkdir -p data/sites/ASWAN/change/AS_04_08_2005/AS_20_03/2018/raster/pits.disappeared/tiles
    - python src/alceo/processing/rasterize_tiles.py -t data/sites/ASWAN/tiles.geojson
      -i data/sites/ASWAN/change/AS_04_08_2005/AS_20_03/2018/raster/pits.disappeared.tif
      -o data/sites/ASWAN/change/AS_04_08_2005/AS_20_03/2018/raster/pits.disappeared/tiles
    deps:
    - path: data/sites/ASWAN/change/AS_04_08_2005/AS_20_03/2018/raster/pits.disappeared.tif
      md5: c2b46089d06d95922264e4466409e737
      size: 144861452
    - path: data/sites/ASWAN/tiles.geojson
      md5: dcc608faf859c814cd81bc4de4550ca5
      size: 128621
    - path: src/alceo/processing/rasterize_tiles.py
      md5: e77a6f9ca5ac7d84726ff0b84df5ad17
      size: 5081
    outs:
    - path: data/sites/ASWAN/change/AS_04_08_2005/AS_20_03/2018/raster/pits.disappeared/tiles
      md5: 6eb5ac58a8a2a7fece4911d0ca153bbd.dir
      size: 37353952
      nfiles: 284
  tilize_change@4:
    cmd:
    - mkdir -p data/sites/ASWAN/change/AS_04_08_2005/AS_20_03/2018/raster/pits.appeared/tiles
    - python src/alceo/processing/rasterize_tiles.py -t data/sites/ASWAN/tiles.geojson
      -i data/sites/ASWAN/change/AS_04_08_2005/AS_20_03/2018/raster/pits.appeared.tif
      -o data/sites/ASWAN/change/AS_04_08_2005/AS_20_03/2018/raster/pits.appeared/tiles
    deps:
    - path: data/sites/ASWAN/change/AS_04_08_2005/AS_20_03/2018/raster/pits.appeared.tif
      md5: baff79a55f362f2a49d2fed8ac3f219c
      size: 144861452
    - path: data/sites/ASWAN/tiles.geojson
      md5: dcc608faf859c814cd81bc4de4550ca5
      size: 128621
    - path: src/alceo/processing/rasterize_tiles.py
      md5: e77a6f9ca5ac7d84726ff0b84df5ad17
      size: 5081
    outs:
    - path: data/sites/ASWAN/change/AS_04_08_2005/AS_20_03/2018/raster/pits.appeared/tiles
      md5: b991d9af71c052c28be20513a2a2c1ef.dir
      size: 37353952
      nfiles: 284
  tilize_image@0:
    cmd: python src/alceo/processing/rasterize_tiles.py -t data/sites/ASWAN/tiles.geojson
      -i data/sites/ASWAN/images/AS_04_08_2005/AS_04_08_2005_QB_NN_diffuse_geo.tif
      -o data/sites/ASWAN/tiles/AS_04_08_2005
    deps:
    - path: data/sites/ASWAN/images/AS_04_08_2005/AS_04_08_2005_QB_NN_diffuse_geo.tif
      md5: d5d532307cd9d2df5a731a32c096f534
      size: 579448123
    - path: data/sites/ASWAN/tiles.geojson
      md5: dcc608faf859c814cd81bc4de4550ca5
      size: 128621
    - path: src/alceo/processing/rasterize_tiles.py
      md5: e77a6f9ca5ac7d84726ff0b84df5ad17
      size: 5081
    outs:
    - path: data/sites/ASWAN/tiles/AS_04_08_2005/
      md5: b9441359ca78c96d4b6c36c69d7d1505.dir
      size: 149118744
      nfiles: 284
